{
  "name": "rollup",
  "version": "1.0.0",
  "lockfileVersion": 1,
  "requires": true,
  "dependencies": {
    "estree-walker": {
      "version": "0.6.1",
      "resolved": "http://r.cnpmjs.org/estree-walker/download/estree-walker-0.6.1.tgz",
      "integrity": "sha1-UwSRQ/QMbrkYsjZx0f4yGfOhs2I=",
      "dev": true
    },
    "rollup": {
      "version": "1.21.4",
      "resolved": "https://registry.npm.taobao.org/rollup/download/rollup-1.21.4.tgz",
      "dev": true,
      "requires": {
        "@types/estree": "0.0.39",
        "@types/node": "^12.7.5",
        "acorn": "^7.0.0"
      },
      "dependencies": {
        "@types/estree": {
          "version": "0.0.39",
          "resolved": "https://registry.npm.taobao.org/@types/estree/download/@types/estree-0.0.39.tgz",
          "dev": true
        },
        "@types/node": {
          "version": "12.7.5",
          "resolved": "https://registry.npm.taobao.org/@types/node/download/@types/node-12.7.5.tgz",
          "dev": true
        },
        "acorn": {
          "version": "7.0.0",
          "resolved": "https://registry.npm.taobao.org/acorn/download/acorn-7.0.0.tgz",
          "dev": true
        }
      }
    },
    "rollup-plugin-json": {
      "version": "4.0.0",
      "resolved": "http://r.cnpmjs.org/rollup-plugin-json/download/rollup-plugin-json-4.0.0.tgz",
      "integrity": "sha1-oY2gpLML9coe523bFCKvu4SuK54=",
      "dev": true,
      "requires": {
        "rollup-pluginutils": "^2.5.0"
      }
    },
    "rollup-pluginutils": {
      "version": "2.8.2",
      "resolved": "http://r.cnpmjs.org/rollup-pluginutils/download/rollup-pluginutils-2.8.2.tgz",
      "integrity": "sha1-cvKvB0i1kjZNvTOJ5gDlqURKNR4=",
      "dev": true,
      "requires": {
        "estree-walker": "^0.6.1"
      }
    }
  }
}
